# Generated by conda-lock.
# platform: osx-64
# env_hash: d9ea4f2f5a6c0cacad84065526910cb1186a163101747a1627cb334ae401f10c
@EXPLICIT
https://conda.anaconda.org/conda-forge/osx-64/bzip2-1.0.8-h0d85af4_4.tar.bz2#37edc4e6304ca87316e160f5ca0bd1b5
https://conda.anaconda.org/conda-forge/osx-64/c-ares-1.17.2-h0d85af4_0.tar.bz2#133e6624e8c549a83f5350847d3e0a43
https://conda.anaconda.org/conda-forge/osx-64/ca-certificates-2021.5.30-h033912b_0.tar.bz2#2377a0c58b5ffe92d70b7bdcd833e8ff
https://conda.anaconda.org/conda-forge/osx-64/jbig-2.1-h0d85af4_2003.tar.bz2#4d76d11d3a256931926099498aa3565b
https://conda.anaconda.org/conda-forge/osx-64/jpeg-9d-hbcb3906_0.tar.bz2#ff6fba028f282f94ceb10597d58a56e8
https://conda.anaconda.org/conda-forge/osx-64/libcxx-12.0.1-habf9029_0.tar.bz2#49c188a7f9c7c9ddabafc80cc5625bb7
https://conda.anaconda.org/conda-forge/osx-64/libdeflate-1.7-h35c211d_5.tar.bz2#6608b6a46fd4555b5c83cda6171cc694
https://conda.anaconda.org/conda-forge/osx-64/libev-4.33-haf1e3a3_1.tar.bz2#79dc2be110b2a3d1e97ec21f691c50ad
https://conda.anaconda.org/conda-forge/osx-64/libiconv-1.16-haf1e3a3_0.tar.bz2#c5fab167412a52e491c8e11453ae016f
https://conda.anaconda.org/conda-forge/osx-64/libuv-1.42.0-h0d85af4_0.tar.bz2#0893dc8db34a4fc7aa999f6be2c48f5c
https://conda.anaconda.org/conda-forge/osx-64/libwebp-base-1.2.1-h0d85af4_0.tar.bz2#8c6f05a6655b7911c62910343ba806d1
https://conda.anaconda.org/conda-forge/osx-64/llvm-openmp-12.0.1-hda6cdc1_1.tar.bz2#35b1fd6ed9f0f1c68583dc9c9f672513
https://conda.anaconda.org/conda-forge/osx-64/metis-5.1.0-h2e338ed_1006.tar.bz2#ed90f7784864e7c0580624ec3ed5534e
https://conda.anaconda.org/conda-forge/osx-64/mpi-1.0-mpich.tar.bz2#7316a634ed27146b42d28433ec3bc227
https://conda.anaconda.org/conda-forge/osx-64/mumps-include-5.2.1-h694c41f_10.tar.bz2#f3f87e506944d8d93c4190d65bb69878
https://conda.anaconda.org/conda-forge/osx-64/ncurses-6.2-h2e338ed_4.tar.bz2#9cef1910395d1543527583e73dba30f1
https://conda.anaconda.org/conda-forge/osx-64/rhash-1.4.1-h35c211d_0.tar.bz2#0b9fe5873503310fa32d2c0a3afd57bc
https://conda.anaconda.org/conda-forge/noarch/tzdata-2021a-he74cb21_1.tar.bz2#cc5690eb258c3706f754306f191da8d8
https://conda.anaconda.org/conda-forge/osx-64/xz-5.2.5-haf1e3a3_1.tar.bz2#41116deb499e9bc58048c297d6403ce6
https://conda.anaconda.org/conda-forge/osx-64/zlib-1.2.11-h7795811_1010.tar.bz2#7d39e47e16ed0107f37c7224d5b5be8b
https://conda.anaconda.org/conda-forge/osx-64/eigen-3.3.9-h926bf3e_1.tar.bz2#433fb0bf9c15fd24a449055a0a996762
https://conda.anaconda.org/conda-forge/osx-64/expat-2.4.1-he49afe7_0.tar.bz2#61d8ae52fc518342e6e0891f2d2c4104
https://conda.anaconda.org/conda-forge/osx-64/gmp-6.2.1-h2e338ed_0.tar.bz2#dedc96914428dae572a39e69ee2a392f
https://conda.anaconda.org/conda-forge/osx-64/icu-68.1-h74dc148_0.tar.bz2#e4e7f8580abd1275ea2250fe606b66ac
https://conda.anaconda.org/conda-forge/osx-64/lerc-2.2.1-h046ec9c_0.tar.bz2#2b4abd282f644dc51225fa9b90218567
https://conda.anaconda.org/conda-forge/osx-64/libedit-3.1.20191231-h0678c8f_2.tar.bz2#6016a8a1d0e63cac3de2c352cd40208b
https://conda.anaconda.org/conda-forge/osx-64/libffi-3.3-h046ec9c_2.tar.bz2#c7a196accaf92d40985d5c9b4d14f9cb
https://conda.anaconda.org/conda-forge/osx-64/libgfortran5-9.3.0-h6c81a4c_23.tar.bz2#a6956ceb628b14594613cefee5127a7a
https://conda.anaconda.org/conda-forge/osx-64/libpng-1.6.37-h7cec526_2.tar.bz2#9e52521faba2b53269672628d34e1513
https://conda.anaconda.org/conda-forge/osx-64/lz4-c-1.9.3-he49afe7_1.tar.bz2#05c08241b66631c00ca4f9e0b75320bc
https://conda.anaconda.org/conda-forge/osx-64/openssl-1.1.1k-h0d85af4_1.tar.bz2#74d8c1e0196f2a556638d54be56debc8
https://conda.anaconda.org/conda-forge/osx-64/pkg-config-0.29.2-h31203cd_1008.tar.bz2#c72ece6dc1aba238da9104ee41a18111
https://conda.anaconda.org/conda-forge/osx-64/readline-8.1-h05e3726_0.tar.bz2#2832e9b6a7caa7cb192fcda6cfcd8871
https://conda.anaconda.org/conda-forge/osx-64/scotch-6.0.9-h9f43b6f_1.tar.bz2#3f2333381dab6ede54e6f9bdc32b5fd6
https://conda.anaconda.org/conda-forge/osx-64/tbb-2020.2-h940c156_4.tar.bz2#5b12427550a7a818ce9275ae5dcf6258
https://conda.anaconda.org/conda-forge/osx-64/tk-8.6.11-hd798d34_0.tar.bz2#579405c0cc2780700a2fbe9778285bda
https://conda.anaconda.org/conda-forge/osx-64/freetype-2.10.4-h4cff582_1.tar.bz2#5a136a432c6062362cd7990c514bd8d6
https://conda.anaconda.org/conda-forge/osx-64/krb5-1.19.2-hcfbf3a7_0.tar.bz2#a690006b8fea5c7d9eccf30aa07bb5d9
https://conda.anaconda.org/conda-forge/osx-64/libgfortran-5.0.0-9_3_0_h6c81a4c_23.tar.bz2#60f48cef2d50674e0428c5579b6c3f66
https://conda.anaconda.org/conda-forge/osx-64/libnghttp2-1.43.0-h07e645a_0.tar.bz2#b4a9c405d47f3b120ed6cf86cc8a13aa
https://conda.anaconda.org/conda-forge/osx-64/libssh2-1.9.0-h52ee1ee_6.tar.bz2#42cebefd1fd127d1180e3df004a413b7
https://conda.anaconda.org/conda-forge/osx-64/mpfr-4.1.0-h0f52abe_0.tar.bz2#15648520501e6b444afa03e70255ea4b
https://conda.anaconda.org/conda-forge/osx-64/sqlite-3.36.0-h23a322b_0.tar.bz2#6b6f868ab26da23c5a9b518799de901a
https://conda.anaconda.org/conda-forge/osx-64/zstd-1.5.0-h582d3a0_0.tar.bz2#96a04eeb0146059f0c2d63491f77d6d0
https://conda.anaconda.org/conda-forge/osx-64/boost-cpp-1.74.0-hff03dee_4.tar.bz2#7c49bc0e1d27a21ef936d27b4a849370
https://conda.anaconda.org/conda-forge/osx-64/libcurl-7.78.0-hf45b732_0.tar.bz2#dbd0239d2c0aee6405a5466ad7cdf7ee
https://conda.anaconda.org/conda-forge/osx-64/libopenblas-0.3.17-openmp_h3351f45_1.tar.bz2#7bcb478878af05fa60697e809d7827aa
https://conda.anaconda.org/conda-forge/osx-64/libtiff-4.3.0-h1167814_1.tar.bz2#f189eeda45133c4f5cd73a8e7ebb7019
https://conda.anaconda.org/conda-forge/osx-64/mpc-1.1.0-ha57cd0f_1009.tar.bz2#e97438cea7c25b9906edf9525f580674
https://conda.anaconda.org/conda-forge/osx-64/mpich-3.4.2-hd33e60e_100.tar.bz2#8f44f52de895854bbc0567e84b6ffe70
https://conda.anaconda.org/conda-forge/osx-64/python-3.9.6-hd187cdc_1_cpython.tar.bz2#886248054c0b072f06a689f952389548
https://conda.anaconda.org/conda-forge/noarch/appdirs-1.4.4-pyh9f0ad1d_0.tar.bz2#5f095bc6454094e96f146491fd03633b
https://conda.anaconda.org/conda-forge/noarch/astor-0.8.1-pyh9f0ad1d_0.tar.bz2#6ae770689be59dc391ef974d2e849b56
https://conda.anaconda.org/conda-forge/osx-64/cmake-3.21.1-hdbd2f3e_0.tar.bz2#cb6d92e6a74e5214c5b296087e19b86d
https://conda.anaconda.org/conda-forge/noarch/colorama-0.4.4-pyh9f0ad1d_0.tar.bz2#c08b4c1326b880ed44f3ffb04803332f
https://conda.anaconda.org/conda-forge/osx-64/hdf5-1.10.6-mpi_mpich_h8c5dddf_1013.tar.bz2#e6eeb92b3b6f650b7a238e6ef20cad8f
https://conda.anaconda.org/conda-forge/osx-64/lcms2-2.12-h577c468_0.tar.bz2#abce77b852b73670e85e104746b0ea1b
https://conda.anaconda.org/conda-forge/osx-64/libblas-3.9.0-11_osx64_openblas.tar.bz2#2f9b6da86f6018deedf855ccb04893a5
https://conda.anaconda.org/conda-forge/noarch/mpmath-1.2.1-pyhd8ed1ab_0.tar.bz2#9b06ebbd24f7c60ba5a29117c528514e
https://conda.anaconda.org/conda-forge/noarch/olefile-0.46-pyh9f0ad1d_1.tar.bz2#0b2e68acc8c78c8cc392b90983481f58
https://conda.anaconda.org/conda-forge/osx-64/openjpeg-2.4.0-h6e7aa92_1.tar.bz2#c8cbb6d99f6467246ac26a139256e50f
https://conda.anaconda.org/conda-forge/osx-64/parmetis-4.0.3-hb7fa8f8_1005.tar.bz2#93c34a9e24211ed262743444fd187f4d
https://conda.anaconda.org/conda-forge/osx-64/ptscotch-6.0.9-h5077668_1.tar.bz2#1cb8e1b90fec18caebcccd7358876d1e
https://conda.anaconda.org/conda-forge/noarch/pyparsing-2.4.7-pyh9f0ad1d_0.tar.bz2#626c4f20d5bf06dcec9cf2eaa31725c7
https://conda.anaconda.org/conda-forge/osx-64/python_abi-3.9-2_cp39.tar.bz2#262f557ee8ca777fe2190956038024cd
https://conda.anaconda.org/conda-forge/noarch/pytz-2021.1-pyhd8ed1ab_0.tar.bz2#3af2e9424d5eb0063824a3f9b850d411
https://conda.anaconda.org/conda-forge/noarch/six-1.16.0-pyh6c4a22f_0.tar.bz2#e5f25f8dbc060e9a8d912e432202afc2
https://conda.anaconda.org/conda-forge/osx-64/args-0.1.0-py39hde42818_1003.tar.bz2#8d42d44f7a567ee1dcc2036ec33fbcde
https://conda.anaconda.org/conda-forge/osx-64/certifi-2021.5.30-py39h6e9494a_0.tar.bz2#f5946ac7fd793702380bfcb90a353a0f
https://conda.anaconda.org/conda-forge/noarch/cycler-0.10.0-py_2.tar.bz2#f6d7c7e6d8f42cbbec7e07a8d879f91c
https://conda.anaconda.org/conda-forge/osx-64/funcparserlib-0.3.6-py39h6e9494a_3.tar.bz2#bd1a7278da1ef69fd00aef552bbfbba5
https://conda.anaconda.org/conda-forge/osx-64/gmpy2-2.1.0b5-py39hab8a6df_0.tar.bz2#cf260c7155ece237efd514c2b86713b7
https://conda.anaconda.org/conda-forge/osx-64/kiwisolver-1.3.1-py39hf018cea_1.tar.bz2#a639b585d442a615b965f81fbee80349
https://conda.anaconda.org/conda-forge/osx-64/libcblas-3.9.0-11_osx64_openblas.tar.bz2#c0378dd75e109b7a0b622e8d2a151dea
https://conda.anaconda.org/conda-forge/osx-64/liblapack-3.9.0-11_osx64_openblas.tar.bz2#6b296c0d990d973f20abb79078de9812
https://conda.anaconda.org/conda-forge/osx-64/mpi4py-3.1.1-py39ha81d895_0.tar.bz2#d83f93dbd92b91a1e106ce62a384ac97
https://conda.anaconda.org/conda-forge/osx-64/pillow-8.3.1-py39he9bb72f_0.tar.bz2#a382fbd9c4978319503ec63668528929
https://conda.anaconda.org/conda-forge/osx-64/pkgconfig-1.5.5-py39h6e9494a_0.tar.bz2#57142dd53a42b59c3b3b484a52b5b8ab
https://conda.anaconda.org/conda-forge/osx-64/pybind11-global-2.6.2-py39hf018cea_0.tar.bz2#cac444ff730a8d403946fc466a215793
https://conda.anaconda.org/conda-forge/noarch/python-dateutil-2.8.2-pyhd8ed1ab_0.tar.bz2#dd999d1cc9f79e67dbb855c8924c7984
https://conda.anaconda.org/conda-forge/noarch/rply-0.7.7-py_0.tar.bz2#1426e7b25b1b9f2dbb77ba6aaf18fe53
https://conda.anaconda.org/conda-forge/osx-64/setuptools-57.4.0-py39h6e9494a_0.tar.bz2#c06575bf3d6505465970129f4a22817d
https://conda.anaconda.org/conda-forge/osx-64/tornado-6.1-py39h89e85a6_1.tar.bz2#1850c930b8e1e47f50d287c86c53e714
https://conda.anaconda.org/conda-forge/noarch/clint-0.5.1-py_1.tar.bz2#d13704bed3b991487ca841df7b5656dd
https://conda.anaconda.org/conda-forge/osx-64/hypre-2.18.2-hc9ba2bc_1.tar.bz2#07782be7867c4c12a5e7c3b245c1db1a
https://conda.anaconda.org/conda-forge/osx-64/numpy-1.21.2-py39h7eed0ac_0.tar.bz2#d460f332a4d13cd2194eef96720f0030
https://conda.anaconda.org/conda-forge/osx-64/pybind11-2.6.2-py39hf018cea_0.tar.bz2#07be15f8ae8cc6b6b2ce2c398cb44ddb
https://conda.anaconda.org/conda-forge/osx-64/scalapack-2.0.2-h3774d7d_1009.tar.bz2#f565a05e57fdb14e01d5d4a7f2590190
https://conda.anaconda.org/conda-forge/osx-64/suitesparse-5.6.0-h0e59142_0.tar.bz2#49aad4f07783bec5cf116dfd32d3f99a
https://conda.anaconda.org/conda-forge/osx-64/superlu-5.2.2-h621599f_0.tar.bz2#ac93b4d7e48d6b8fd78420e827071078
https://conda.anaconda.org/conda-forge/osx-64/superlu_dist-6.2.0-h84ef8fc_4.tar.bz2#016b1e90358011adbccc3c72549fe843
https://conda.anaconda.org/conda-forge/osx-64/sympy-1.8-py39h6e9494a_0.tar.bz2#45f2bf784f7638840ef2725aebdf96a6
https://conda.anaconda.org/conda-forge/osx-64/fenics-dijitso-2019.1.0-py39h6e9494a_21.tar.bz2#99a6badf9d4e4d45af8b628fafc0747d
https://conda.anaconda.org/conda-forge/osx-64/fenics-fiat-2019.1.0-py39h6e9494a_21.tar.bz2#5277505f2ce374fc46cf3bf0cf05e5f1
https://conda.anaconda.org/conda-forge/osx-64/fenics-ufl-2019.1.0-py39h6e9494a_21.tar.bz2#723862f5675d4d9145e903e09ae23f06
https://conda.anaconda.org/conda-forge/osx-64/hy-0.20.0-py39h6e9494a_0.tar.bz2#d1b0b318fd0a0eeafedee1b1ed011c1e
https://conda.anaconda.org/conda-forge/osx-64/matplotlib-base-3.4.3-py39hb07454d_0.tar.bz2#bb326c96eddccf74ff8717c9c813a5de
https://conda.anaconda.org/conda-forge/osx-64/mumps-mpi-5.2.1-hdbd7e29_10.tar.bz2#6004d8b01f4e09762e0142d676c43a02
https://conda.anaconda.org/conda-forge/osx-64/pandas-1.3.2-py39h4d6be9b_0.tar.bz2#78413fdb57ad96559495ec7fa864b467
https://conda.anaconda.org/conda-forge/osx-64/fenics-ffc-2019.1.0-py39h6e9494a_21.tar.bz2#1015a8c8d6efc3dc63d01ad7d260a832
https://conda.anaconda.org/conda-forge/osx-64/matplotlib-3.4.3-py39h6e9494a_0.tar.bz2#11608bff905349e76031a4104d53c7d2
https://conda.anaconda.org/conda-forge/osx-64/petsc-3.14.5-hbc334a2_0.tar.bz2#917672840e85a884b21a34356edf2e21
https://conda.anaconda.org/conda-forge/osx-64/petsc4py-3.14.1-py39haa87a53_1.tar.bz2#ef940d3e7b553427d3144255b384f669
https://conda.anaconda.org/conda-forge/osx-64/slepc-3.14.2-h939d6db_0.tar.bz2#c9f18f858f75abadbf17e588050012a0
https://conda.anaconda.org/conda-forge/osx-64/fenics-libdolfin-2019.1.0-ha6bb12c_21.tar.bz2#fa3dc298db17b926059b8f810ace9457
https://conda.anaconda.org/conda-forge/osx-64/slepc4py-3.14.0-py39hcfc6728_1.tar.bz2#6ce39212612fe2076371669e72807efb
https://conda.anaconda.org/conda-forge/osx-64/fenics-dolfin-2019.1.0-py39h087ae1b_21.tar.bz2#d9bd01245775489af5cf00b3dc00f547
https://conda.anaconda.org/conda-forge/osx-64/fenics-2019.1.0-py39h6e9494a_21.tar.bz2#8ab588737a19961587c94ef4c66264dc
https://conda.anaconda.org/conda-forge/osx-64/mshr-2019.1.0-py39h70f5cce_4.tar.bz2#d2c1ea2b0727a860ebfa186b331244e9
